
Microsoft Visual Studio Solution File, Format Version 12.00
# Visual Studio Version 17
VisualStudioVersion = 17.6.33815.320
MinimumVisualStudioVersion = 10.0.40219.1
Project("{F184B08F-C81C-45F6-A57F-5ABD9991F28F}") = "Study for Midterm 2", "Study for Midterm 2.vbproj", "{98A58245-B7CD-4EC7-84DA-4CC106BFD560}"
EndProject
Global
	GlobalSection(SolutionConfigurationPlatforms) = preSolution
		Debug|Any CPU = Debug|Any CPU
		Release|Any CPU = Release|Any CPU
	EndGlobalSection
	GlobalSection(ProjectConfigurationPlatforms) = postSolution
		{98A58245-B7CD-4EC7-84DA-4CC106BFD560}.Debug|Any CPU.ActiveCfg = Debug|Any CPU
		{98A58245-B7CD-4EC7-84DA-4CC106BFD560}.Debug|Any CPU.Build.0 = Debug|Any CPU
		{98A58245-B7CD-4EC7-84DA-4CC106BFD560}.Release|Any CPU.ActiveCfg = Release|Any CPU
		{98A58245-B7CD-4EC7-84DA-4CC106BFD560}.Release|Any CPU.Build.0 = Release|Any CPU
	EndGlobalSection
	GlobalSection(SolutionProperties) = preSolution
		HideSolutionNode = FALSE
	EndGlobalSection
	GlobalSection(ExtensibilityGlobals) = postSolution
		SolutionGuid = {C8CC2B2F-1D77-48FA-8BE0-FE3C5F9B838B}
	EndGlobalSection
EndGlobal
